Microsoft Visual Studio Solution File, Format Version 12.00
# Visual Studio Version 17
VisualStudioVersion = 17.5.2.0
MinimumVisualStudioVersion = 10.0.40219.1
Project("{2150E333-8FDC-42A3-9474-1A3956D46DE8}") = "frontend", "frontend", "{CE609670-85B9-0D16-FB54-ED063D5D8A6D}"
EndProject
Project("{FAE04EC0-301F-11D3-BF4B-00C04F79EFBC}") = "Auto_Service", "frontend\auto_service\Auto_Service.csproj", "{DFF25284-7A55-4692-76C6-EA556D2A85AD}"
EndProject
Global
	GlobalSection(SolutionConfigurationPlatforms) = preSolution
		Debug|Any CPU = Debug|Any CPU
		Release|Any CPU = Release|Any CPU
	EndGlobalSection
	GlobalSection(ProjectConfigurationPlatforms) = postSolution
		{DFF25284-7A55-4692-76C6-EA556D2A85AD}.Debug|Any CPU.ActiveCfg = Debug|Any CPU
		{DFF25284-7A55-4692-76C6-EA556D2A85AD}.Debug|Any CPU.Build.0 = Debug|Any CPU
		{DFF25284-7A55-4692-76C6-EA556D2A85AD}.Release|Any CPU.ActiveCfg = Release|Any CPU
		{DFF25284-7A55-4692-76C6-EA556D2A85AD}.Release|Any CPU.Build.0 = Release|Any CPU
	EndGlobalSection
	GlobalSection(SolutionProperties) = preSolution
		HideSolutionNode = FALSE
	EndGlobalSection
	GlobalSection(NestedProjects) = preSolution
		{DFF25284-7A55-4692-76C6-EA556D2A85AD} = {CE609670-85B9-0D16-FB54-ED063D5D8A6D}
	EndGlobalSection
	GlobalSection(ExtensibilityGlobals) = postSolution
		SolutionGuid = {863E52BA-06FA-4119-AE85-768FEBED53F6}
	EndGlobalSection
EndGlobal
